{
  "name": "FastCuts",
  "lockfileVersion": 3,
  "requires": true,
  "packages": {
    "": {
      "dependencies": {
        "date-fns": "^4.2.1"
      }
    },
    "node_modules/date-fns": {
      "version": "4.2.1",
      "resolved": "https://registry.npmjs.org/date-fns/-/date-fns-4.2.1.tgz",
      "integrity": "sha512-37RhSdxaG1suen6VDCza6rNrQfooyQh57HFVPwQGEq2QWliVLzPQZ8Oa017weOu+HZCnzI7N3Pf/wyoBKfEqrA==",
      "license": "MIT",
      "funding": {
        "type": "github",
        "url": "https://github.com/sponsors/kossnocorp"
      }
    }
  }
}
